<?xml version="1.0" encoding="utf-8"?>
<Project ToolsVersion="17.0" xmlns="http://schemas.microsoft.com/developer/msbuild/2003">
  <ItemGroup>
    <ClCompile Include="C:\My Projects\loopjs\StealthClient\main.cpp">
      <Filter>Source Files</Filter>
    </ClCompile>
  </ItemGroup>
  <ItemGroup>
    <ClInclude Include="C:\My Projects\loopjs\StealthClient\evasion.h">
      <Filter>Header Files</Filter>
    </ClInclude>
    <ClInclude Include="C:\My Projects\loopjs\StealthClient\injection.h">
      <Filter>Header Files</Filter>
    </ClInclude>
    <ClInclude Include="C:\My Projects\loopjs\StealthClient\network.h">
      <Filter>Header Files</Filter>
    </ClInclude>
    <ClInclude Include="C:\My Projects\loopjs\StealthClient\persistence.h">
      <Filter>Header Files</Filter>
    </ClInclude>
    <ClInclude Include="C:\My Projects\loopjs\StealthClient\rat_features.h">
      <Filter>Header Files</Filter>
    </ClInclude>
    <ClInclude Include="C:\My Projects\loopjs\StealthClient\memory_evasion.h">
      <Filter>Header Files</Filter>
    </ClInclude>
  </ItemGroup>
  <ItemGroup>
    <CustomBuild Include="C:\My Projects\loopjs\StealthClient\CMakeLists.txt" />
  </ItemGroup>
  <ItemGroup>
    <ResourceCompile Include="C:\My Projects\loopjs\StealthClient\version.rc">
      <Filter>Source Files</Filter>
    </ResourceCompile>
  </ItemGroup>
  <ItemGroup>
    <Filter Include="Header Files">
      <UniqueIdentifier>{8EBC45C6-1C67-3E10-B58A-36754FA6A075}</UniqueIdentifier>
    </Filter>
    <Filter Include="Source Files">
      <UniqueIdentifier>{D738DC63-C186-3CBA-AE5E-3454D78231F5}</UniqueIdentifier>
    </Filter>
  </ItemGroup>
</Project>
